
Microsoft Visual Studio Solution File, Format Version 12.00
# Visual Studio Version 16
VisualStudioVersion = 16.0.31410.357
MinimumVisualStudioVersion = 10.0.40219.1
Project("{FAE04EC0-301F-11D3-BF4B-00C04F79EFBC}") = "Cinema App", "Cinema App\Cinema App.csproj", "{B201A4E7-0563-4DA1-B107-89BD2E3FFC9E}"
EndProject
Global
	GlobalSection(SolutionConfigurationPlatforms) = preSolution
		Debug|Any CPU = Debug|Any CPU
		Release|Any CPU = Release|Any CPU
	EndGlobalSection
	GlobalSection(ProjectConfigurationPlatforms) = postSolution
		{B201A4E7-0563-4DA1-B107-89BD2E3FFC9E}.Debug|Any CPU.ActiveCfg = Debug|Any CPU
		{B201A4E7-0563-4DA1-B107-89BD2E3FFC9E}.Debug|Any CPU.Build.0 = Debug|Any CPU
		{B201A4E7-0563-4DA1-B107-89BD2E3FFC9E}.Release|Any CPU.ActiveCfg = Release|Any CPU
		{B201A4E7-0563-4DA1-B107-89BD2E3FFC9E}.Release|Any CPU.Build.0 = Release|Any CPU
	EndGlobalSection
	GlobalSection(SolutionProperties) = preSolution
		HideSolutionNode = FALSE
	EndGlobalSection
	GlobalSection(ExtensibilityGlobals) = postSolution
		SolutionGuid = {CDFE915D-23E5-4F74-B575-F95067CC5A21}
	EndGlobalSection
EndGlobal
